
Microsoft Visual Studio Solution File, Format Version 12.00
# Visual Studio Version 17
VisualStudioVersion = 17.14.35906.104 d17.14
MinimumVisualStudioVersion = 10.0.40219.1
Project("{FAE04EC0-301F-11D3-BF4B-00C04F79EFBC}") = "AutoCarService", "AutoCarService\AutoCarService.csproj", "{B017AFD3-DD34-4C77-BD5B-EFDFD8855FFC}"
EndProject
Global
	GlobalSection(SolutionConfigurationPlatforms) = preSolution
		Debug|Any CPU = Debug|Any CPU
		Release|Any CPU = Release|Any CPU
	EndGlobalSection
	GlobalSection(ProjectConfigurationPlatforms) = postSolution
		{B017AFD3-DD34-4C77-BD5B-EFDFD8855FFC}.Debug|Any CPU.ActiveCfg = Debug|Any CPU
		{B017AFD3-DD34-4C77-BD5B-EFDFD8855FFC}.Debug|Any CPU.Build.0 = Debug|Any CPU
		{B017AFD3-DD34-4C77-BD5B-EFDFD8855FFC}.Release|Any CPU.ActiveCfg = Release|Any CPU
		{B017AFD3-DD34-4C77-BD5B-EFDFD8855FFC}.Release|Any CPU.Build.0 = Release|Any CPU
	EndGlobalSection
	GlobalSection(SolutionProperties) = preSolution
		HideSolutionNode = FALSE
	EndGlobalSection
	GlobalSection(ExtensibilityGlobals) = postSolution
		SolutionGuid = {54DA4353-4EF1-4B7F-A757-F3528056972B}
	EndGlobalSection
EndGlobal
